
Microsoft Visual Studio Solution File, Format Version 12.00
# Visual Studio Version 16
VisualStudioVersion = 16.0.30204.135
MinimumVisualStudioVersion = 10.0.40219.1
Project("{FAE04EC0-301F-11D3-BF4B-00C04F79EFBC}") = "Net.Http.Rest", "Net.Http.Rest\Net.Http.Rest.csproj", "{DAB324A6-F981-4D90-A5A1-4072E8AF2B7D}"
EndProject
Global
	GlobalSection(SolutionConfigurationPlatforms) = preSolution
		Debug|Any CPU = Debug|Any CPU
		Release|Any CPU = Release|Any CPU
	EndGlobalSection
	GlobalSection(ProjectConfigurationPlatforms) = postSolution
		{DAB324A6-F981-4D90-A5A1-4072E8AF2B7D}.Debug|Any CPU.ActiveCfg = Debug|Any CPU
		{DAB324A6-F981-4D90-A5A1-4072E8AF2B7D}.Debug|Any CPU.Build.0 = Debug|Any CPU
		{DAB324A6-F981-4D90-A5A1-4072E8AF2B7D}.Release|Any CPU.ActiveCfg = Release|Any CPU
		{DAB324A6-F981-4D90-A5A1-4072E8AF2B7D}.Release|Any CPU.Build.0 = Release|Any CPU
	EndGlobalSection
	GlobalSection(SolutionProperties) = preSolution
		HideSolutionNode = FALSE
	EndGlobalSection
	GlobalSection(ExtensibilityGlobals) = postSolution
		SolutionGuid = {A39C14F4-EB86-4A2C-ABEB-1EFAA0DD78FB}
	EndGlobalSection
EndGlobal
