
Microsoft Visual Studio Solution File, Format Version 12.00
# Visual Studio Version 16
VisualStudioVersion = 16.0.30204.135
MinimumVisualStudioVersion = 10.0.40219.1
Project("{9A19103F-16F7-4668-BE54-9A1E7A4F7556}") = "RestClient", "RestClient\RestClient.csproj", "{55DB8093-4581-4D74-9CD3-DB2783E7FA2E}"
EndProject
Project("{2150E333-8FDC-42A3-9474-1A3956D46DE8}") = "Samples", "Samples", "{8382AEF5-EA82-4AFD-BD41-AE989533E2B4}"
EndProject
Project("{FAE04EC0-301F-11D3-BF4B-00C04F79EFBC}") = "RestClient.Samples.ConsoleTest", "RestClient.Samples.ConsoleTest\RestClient.Samples.ConsoleTest.csproj", "{1D1126AB-1C7B-427F-9796-E577E15865D3}"
EndProject
Project("{D954291E-2A0B-460D-934E-DC6B0785DB48}") = "RestClient.Samples.NetworkLayer", "RestClient.Samples.NetworkLayer\RestClient.Samples.NetworkLayer.shproj", "{A8F8896C-C212-4DFB-AB5A-9D0498002004}"
EndProject
Global
	GlobalSection(SharedMSBuildProjectFiles) = preSolution
		RestClient.Samples.NetworkLayer\RestClient.Samples.NetworkLayer.projitems*{1d1126ab-1c7b-427f-9796-e577e15865d3}*SharedItemsImports = 5
		RestClient.Samples.NetworkLayer\RestClient.Samples.NetworkLayer.projitems*{a8f8896c-c212-4dfb-ab5a-9d0498002004}*SharedItemsImports = 13
	EndGlobalSection
	GlobalSection(SolutionConfigurationPlatforms) = preSolution
		Debug|Any CPU = Debug|Any CPU
		Release|Any CPU = Release|Any CPU
	EndGlobalSection
	GlobalSection(ProjectConfigurationPlatforms) = postSolution
		{55DB8093-4581-4D74-9CD3-DB2783E7FA2E}.Debug|Any CPU.ActiveCfg = Debug|Any CPU
		{55DB8093-4581-4D74-9CD3-DB2783E7FA2E}.Debug|Any CPU.Build.0 = Debug|Any CPU
		{55DB8093-4581-4D74-9CD3-DB2783E7FA2E}.Release|Any CPU.ActiveCfg = Release|Any CPU
		{55DB8093-4581-4D74-9CD3-DB2783E7FA2E}.Release|Any CPU.Build.0 = Release|Any CPU
		{1D1126AB-1C7B-427F-9796-E577E15865D3}.Debug|Any CPU.ActiveCfg = Debug|Any CPU
		{1D1126AB-1C7B-427F-9796-E577E15865D3}.Debug|Any CPU.Build.0 = Debug|Any CPU
		{1D1126AB-1C7B-427F-9796-E577E15865D3}.Release|Any CPU.ActiveCfg = Release|Any CPU
		{1D1126AB-1C7B-427F-9796-E577E15865D3}.Release|Any CPU.Build.0 = Release|Any CPU
	EndGlobalSection
	GlobalSection(SolutionProperties) = preSolution
		HideSolutionNode = FALSE
	EndGlobalSection
	GlobalSection(NestedProjects) = preSolution
		{1D1126AB-1C7B-427F-9796-E577E15865D3} = {8382AEF5-EA82-4AFD-BD41-AE989533E2B4}
		{A8F8896C-C212-4DFB-AB5A-9D0498002004} = {8382AEF5-EA82-4AFD-BD41-AE989533E2B4}
	EndGlobalSection
	GlobalSection(ExtensibilityGlobals) = postSolution
		SolutionGuid = {A39C14F4-EB86-4A2C-ABEB-1EFAA0DD78FB}
	EndGlobalSection
EndGlobal
