
Microsoft Visual Studio Solution File, Format Version 12.00
# Visual Studio Version 16
VisualStudioVersion = 16.0.30204.135
MinimumVisualStudioVersion = 10.0.40219.1
Project("{9A19103F-16F7-4668-BE54-9A1E7A4F7556}") = "RestClient", "RestClient\RestClient.csproj", "{55DB8093-4581-4D74-9CD3-DB2783E7FA2E}"
EndProject
Global
	GlobalSection(SolutionConfigurationPlatforms) = preSolution
		Debug|Any CPU = Debug|Any CPU
		Release|Any CPU = Release|Any CPU
	EndGlobalSection
	GlobalSection(ProjectConfigurationPlatforms) = postSolution
		{55DB8093-4581-4D74-9CD3-DB2783E7FA2E}.Debug|Any CPU.ActiveCfg = Debug|Any CPU
		{55DB8093-4581-4D74-9CD3-DB2783E7FA2E}.Debug|Any CPU.Build.0 = Debug|Any CPU
		{55DB8093-4581-4D74-9CD3-DB2783E7FA2E}.Release|Any CPU.ActiveCfg = Release|Any CPU
		{55DB8093-4581-4D74-9CD3-DB2783E7FA2E}.Release|Any CPU.Build.0 = Release|Any CPU
	EndGlobalSection
	GlobalSection(SolutionProperties) = preSolution
		HideSolutionNode = FALSE
	EndGlobalSection
	GlobalSection(ExtensibilityGlobals) = postSolution
		SolutionGuid = {A39C14F4-EB86-4A2C-ABEB-1EFAA0DD78FB}
	EndGlobalSection
EndGlobal
